// !$*UTF8*$!
{
	archiveVersion = 1;
	classes = {
	};
	objectVersion = 46;
	objects = {

/* Begin PBXBuildFile section */
		DA0915C21E7B85900042EDD9 /* Shader.cpp in Sources */ = {isa = PBXBuildFile; fileRef = DA0915C01E7B85900042EDD9 /* Shader.cpp */; };
		DA89824E1E7A453300CDBE2F /* Cocoa.framework in Frameworks */ = {isa = PBXBuildFile; fileRef = DA89824D1E7A453300CDBE2F /* Cocoa.framework */; };
		DA8982501E7A453900CDBE2F /* OpenGL.framework in Frameworks */ = {isa = PBXBuildFile; fileRef = DA89824F1E7A453900CDBE2F /* OpenGL.framework */; };
		DA8982521E7A454100CDBE2F /* IOKit.framework in Frameworks */ = {isa = PBXBuildFile; fileRef = DA8982511E7A454100CDBE2F /* IOKit.framework */; };
		DA8982541E7A454C00CDBE2F /* CoreVideo.framework in Frameworks */ = {isa = PBXBuildFile; fileRef = DA8982531E7A454C00CDBE2F /* CoreVideo.framework */; };
		DA8982561E7A587900CDBE2F /* main.cpp in Sources */ = {isa = PBXBuildFile; fileRef = DA8982551E7A587900CDBE2F /* main.cpp */; };
/* End PBXBuildFile section */

/* Begin PBXCopyFilesBuildPhase section */
		DA89823C1E7A316A00CDBE2F /* CopyFiles */ = {
			isa = PBXCopyFilesBuildPhase;
			buildActionMask = 2147483647;
			dstPath = /usr/share/man/man1/;
			dstSubfolderSpec = 0;
			files = (
			);
			runOnlyForDeploymentPostprocessing = 1;
		};
/* End PBXCopyFilesBuildPhase section */

/* Begin PBXFileReference section */
		DA0915C01E7B85900042EDD9 /* Shader.cpp */ = {isa = PBXFileReference; fileEncoding = 4; lastKnownFileType = sourcecode.cpp.cpp; path = Shader.cpp; sourceTree = "<group>"; };
		DA0915C11E7B85900042EDD9 /* Shader.hpp */ = {isa = PBXFileReference; fileEncoding = 4; lastKnownFileType = sourcecode.cpp.h; path = Shader.hpp; sourceTree = "<group>"; };
		DA89823E1E7A316A00CDBE2F /* OpenGL Exercise Program */ = {isa = PBXFileReference; explicitFileType = "compiled.mach-o.executable"; includeInIndex = 0; path = "OpenGL Exercise Program"; sourceTree = BUILT_PRODUCTS_DIR; };
		DA89824D1E7A453300CDBE2F /* Cocoa.framework */ = {isa = PBXFileReference; lastKnownFileType = wrapper.framework; name = Cocoa.framework; path = System/Library/Frameworks/Cocoa.framework; sourceTree = SDKROOT; };
		DA89824F1E7A453900CDBE2F /* OpenGL.framework */ = {isa = PBXFileReference; lastKnownFileType = wrapper.framework; name = OpenGL.framework; path = System/Library/Frameworks/OpenGL.framework; sourceTree = SDKROOT; };
		DA8982511E7A454100CDBE2F /* IOKit.framework */ = {isa = PBXFileReference; lastKnownFileType = wrapper.framework; name = IOKit.framework; path = System/Library/Frameworks/IOKit.framework; sourceTree = SDKROOT; };
		DA8982531E7A454C00CDBE2F /* CoreVideo.framework */ = {isa = PBXFileReference; lastKnownFileType = wrapper.framework; name = CoreVideo.framework; path = System/Library/Frameworks/CoreVideo.framework; sourceTree = SDKROOT; };
		DA8982551E7A587900CDBE2F /* main.cpp */ = {isa = PBXFileReference; fileEncoding = 4; lastKnownFileType = sourcecode.cpp.cpp; path = main.cpp; sourceTree = "<group>"; };
/* End PBXFileReference section */

/* Begin PBXFrameworksBuildPhase section */
		DA89823B1E7A316A00CDBE2F /* Frameworks */ = {
			isa = PBXFrameworksBuildPhase;
			buildActionMask = 2147483647;
			files = (
				DA8982541E7A454C00CDBE2F /* CoreVideo.framework in Frameworks */,
				DA8982521E7A454100CDBE2F /* IOKit.framework in Frameworks */,
				DA8982501E7A453900CDBE2F /* OpenGL.framework in Frameworks */,
				DA89824E1E7A453300CDBE2F /* Cocoa.framework in Frameworks */,
			);
			runOnlyForDeploymentPostprocessing = 0;
		};
/* End PBXFrameworksBuildPhase section */

/* Begin PBXGroup section */
		DA8982351E7A316A00CDBE2F = {
			isa = PBXGroup;
			children = (
				DA8982401E7A316A00CDBE2F /* OpenGL Exercise Program */,
				DA89823F1E7A316A00CDBE2F /* Products */,
				DA89824C1E7A453300CDBE2F /* Frameworks */,
			);
			sourceTree = "<group>";
		};
		DA89823F1E7A316A00CDBE2F /* Products */ = {
			isa = PBXGroup;
			children = (
				DA89823E1E7A316A00CDBE2F /* OpenGL Exercise Program */,
			);
			name = Products;
			sourceTree = "<group>";
		};
		DA8982401E7A316A00CDBE2F /* OpenGL Exercise Program */ = {
			isa = PBXGroup;
			children = (
				DA8982551E7A587900CDBE2F /* main.cpp */,
				DA0915C01E7B85900042EDD9 /* Shader.cpp */,
				DA0915C11E7B85900042EDD9 /* Shader.hpp */,
			);
			path = "OpenGL Exercise Program";
			sourceTree = "<group>";
		};
		DA89824C1E7A453300CDBE2F /* Frameworks */ = {
			isa = PBXGroup;
			children = (
				DA8982531E7A454C00CDBE2F /* CoreVideo.framework */,
				DA8982511E7A454100CDBE2F /* IOKit.framework */,
				DA89824F1E7A453900CDBE2F /* OpenGL.framework */,
				DA89824D1E7A453300CDBE2F /* Cocoa.framework */,
			);
			name = Frameworks;
			sourceTree = "<group>";
		};
/* End PBXGroup section */

/* Begin PBXNativeTarget section */
		DA89823D1E7A316A00CDBE2F /* OpenGL Exercise Program */ = {
			isa = PBXNativeTarget;
			buildConfigurationList = DA8982451E7A316A00CDBE2F /* Build configuration list for PBXNativeTarget "OpenGL Exercise Program" */;
			buildPhases = (
				DA89823A1E7A316A00CDBE2F /* Sources */,
				DA89823B1E7A316A00CDBE2F /* Frameworks */,
				DA89823C1E7A316A00CDBE2F /* CopyFiles */,
			);
			buildRules = (
			);
			dependencies = (
			);
			name = "OpenGL Exercise Program";
			productName = "OpenGL Exercise Program";
			productReference = DA89823E1E7A316A00CDBE2F /* OpenGL Exercise Program */;
			productType = "com.apple.product-type.tool";
		};
/* End PBXNativeTarget section */

/* Begin PBXProject section */
		DA8982361E7A316A00CDBE2F /* Project object */ = {
			isa = PBXProject;
			attributes = {
				LastUpgradeCheck = 0820;
				ORGANIZATIONNAME = Ivan.lin;
				TargetAttributes = {
					DA89823D1E7A316A00CDBE2F = {
						CreatedOnToolsVersion = 8.2.1;
						ProvisioningStyle = Automatic;
					};
				};
			};
			buildConfigurationList = DA8982391E7A316A00CDBE2F /* Build configuration list for PBXProject "OpenGL Exercise Program" */;
			compatibilityVersion = "Xcode 3.2";
			developmentRegion = English;
			hasScannedForEncodings = 0;
			knownRegions = (
				en,
			);
			mainGroup = DA8982351E7A316A00CDBE2F;
			productRefGroup = DA89823F1E7A316A00CDBE2F /* Products */;
			projectDirPath = "";
			projectRoot = "";
			targets = (
				DA89823D1E7A316A00CDBE2F /* OpenGL Exercise Program */,
			);
		};
/* End PBXProject section */

/* Begin PBXSourcesBuildPhase section */
		DA89823A1E7A316A00CDBE2F /* Sources */ = {
			isa = PBXSourcesBuildPhase;
			buildActionMask = 2147483647;
			files = (
				DA0915C21E7B85900042EDD9 /* Shader.cpp in Sources */,
				DA8982561E7A587900CDBE2F /* main.cpp in Sources */,
			);
			runOnlyForDeploymentPostprocessing = 0;
		};
/* End PBXSourcesBuildPhase section */

/* Begin XCBuildConfiguration section */
		DA8982431E7A316A00CDBE2F /* Debug */ = {
			isa = XCBuildConfiguration;
			buildSettings = {
				ALWAYS_SEARCH_USER_PATHS = NO;
				CLANG_ANALYZER_NONNULL = YES;
				CLANG_CXX_LANGUAGE_STANDARD = "gnu++0x";
				CLANG_CXX_LIBRARY = "libc++";
				CLANG_ENABLE_MODULES = YES;
				CLANG_ENABLE_OBJC_ARC = YES;
				CLANG_WARN_BOOL_CONVERSION = YES;
				CLANG_WARN_CONSTANT_CONVERSION = YES;
				CLANG_WARN_DIRECT_OBJC_ISA_USAGE = YES_ERROR;
				CLANG_WARN_DOCUMENTATION_COMMENTS = YES;
				CLANG_WARN_EMPTY_BODY = YES;
				CLANG_WARN_ENUM_CONVERSION = YES;
				CLANG_WARN_INFINITE_RECURSION = YES;
				CLANG_WARN_INT_CONVERSION = YES;
				CLANG_WARN_OBJC_ROOT_CLASS = YES_ERROR;
				CLANG_WARN_SUSPICIOUS_MOVE = YES;
				CLANG_WARN_UNREACHABLE_CODE = YES;
				CLANG_WARN__DUPLICATE_METHOD_MATCH = YES;
				CODE_SIGN_IDENTITY = "-";
				COPY_PHASE_STRIP = NO;
				DEBUG_INFORMATION_FORMAT = dwarf;
				ENABLE_STRICT_OBJC_MSGSEND = YES;
				ENABLE_TESTABILITY = YES;
				GCC_C_LANGUAGE_STANDARD = gnu99;
				GCC_DYNAMIC_NO_PIC = NO;
				GCC_NO_COMMON_BLOCKS = YES;
				GCC_OPTIMIZATION_LEVEL = 0;
				GCC_PREPROCESSOR_DEFINITIONS = (
					"DEBUG=1",
					"$(inherited)",
				);
				GCC_WARN_64_TO_32_BIT_CONVERSION = YES;
				GCC_WARN_ABOUT_RETURN_TYPE = YES_ERROR;
				GCC_WARN_UNDECLARED_SELECTOR = YES;
				GCC_WARN_UNINITIALIZED_AUTOS = YES_AGGRESSIVE;
				GCC_WARN_UNUSED_FUNCTION = YES;
				GCC_WARN_UNUSED_VARIABLE = YES;
				MACOSX_DEPLOYMENT_TARGET = 10.12;
				MTL_ENABLE_DEBUG_INFO = YES;
				ONLY_ACTIVE_ARCH = YES;
				SDKROOT = macosx;
			};
			name = Debug;
		};
		DA8982441E7A316A00CDBE2F /* Release */ = {
			isa = XCBuildConfiguration;
			buildSettings = {
				ALWAYS_SEARCH_USER_PATHS = NO;
				CLANG_ANALYZER_NONNULL = YES;
				CLANG_CXX_LANGUAGE_STANDARD = "gnu++0x";
				CLANG_CXX_LIBRARY = "libc++";
				CLANG_ENABLE_MODULES = YES;
				CLANG_ENABLE_OBJC_ARC = YES;
				CLANG_WARN_BOOL_CONVERSION = YES;
				CLANG_WARN_CONSTANT_CONVERSION = YES;
				CLANG_WARN_DIRECT_OBJC_ISA_USAGE = YES_ERROR;
				CLANG_WARN_DOCUMENTATION_COMMENTS = YES;
				CLANG_WARN_EMPTY_BODY = YES;
				CLANG_WARN_ENUM_CONVERSION = YES;
				CLANG_WARN_INFINITE_RECURSION = YES;
				CLANG_WARN_INT_CONVERSION = YES;
				CLANG_WARN_OBJC_ROOT_CLASS = YES_ERROR;
				CLANG_WARN_SUSPICIOUS_MOVE = YES;
				CLANG_WARN_UNREACHABLE_CODE = YES;
				CLANG_WARN__DUPLICATE_METHOD_MATCH = YES;
				CODE_SIGN_IDENTITY = "-";
				COPY_PHASE_STRIP = NO;
				DEBUG_INFORMATION_FORMAT = "dwarf-with-dsym";
				ENABLE_NS_ASSERTIONS = NO;
				ENABLE_STRICT_OBJC_MSGSEND = YES;
				GCC_C_LANGUAGE_STANDARD = gnu99;
				GCC_NO_COMMON_BLOCKS = YES;
				GCC_WARN_64_TO_32_BIT_CONVERSION = YES;
				GCC_WARN_ABOUT_RETURN_TYPE = YES_ERROR;
				GCC_WARN_UNDECLARED_SELECTOR = YES;
				GCC_WARN_UNINITIALIZED_AUTOS = YES_AGGRESSIVE;
				GCC_WARN_UNUSED_FUNCTION = YES;
				GCC_WARN_UNUSED_VARIABLE = YES;
				MACOSX_DEPLOYMENT_TARGET = 10.12;
				MTL_ENABLE_DEBUG_INFO = NO;
				SDKROOT = macosx;
			};
			name = Release;
		};
		DA8982461E7A316A00CDBE2F /* Debug */ = {
			isa = XCBuildConfiguration;
			buildSettings = {
				HEADER_SEARCH_PATHS = (
					"$(glfw_header)",
					"$(glew_header)",
				);
				LIBRARY_SEARCH_PATHS = (
					"$(glew_lib)",
					"$(glfw_lib)",
				);
				OTHER_LDFLAGS = (
					"-lGLEW",
					"-lglfw",
				);
				PRODUCT_NAME = "$(TARGET_NAME)";
			};
			name = Debug;
		};
		DA8982471E7A316A00CDBE2F /* Release */ = {
			isa = XCBuildConfiguration;
			buildSettings = {
				OTHER_LDFLAGS = (
					"-lGLEW",
					"-lglfw",
				);
				PRODUCT_NAME = "$(TARGET_NAME)";
			};
			name = Release;
		};
/* End XCBuildConfiguration section */

/* Begin XCConfigurationList section */
		DA8982391E7A316A00CDBE2F /* Build configuration list for PBXProject "OpenGL Exercise Program" */ = {
			isa = XCConfigurationList;
			buildConfigurations = (
				DA8982431E7A316A00CDBE2F /* Debug */,
				DA8982441E7A316A00CDBE2F /* Release */,
			);
			defaultConfigurationIsVisible = 0;
			defaultConfigurationName = Release;
		};
		DA8982451E7A316A00CDBE2F /* Build configuration list for PBXNativeTarget "OpenGL Exercise Program" */ = {
			isa = XCConfigurationList;
			buildConfigurations = (
				DA8982461E7A316A00CDBE2F /* Debug */,
				DA8982471E7A316A00CDBE2F /* Release */,
			);
			defaultConfigurationIsVisible = 0;
			defaultConfigurationName = Release;
		};
/* End XCConfigurationList section */
	};
	rootObject = DA8982361E7A316A00CDBE2F /* Project object */;
}
